PODS:
  - AKSideMenu (1.4.6)
  - Alamofire (4.9.1)
  - BetterSegmentedControl (2.0.1)
  - iOSDropDown (0.3.4)
  - liquid-swipe (0.7.0):
    - pop (~> 1.0)
  - pop (1.0.12)
  - RappleProgressHUD (4.1)
  - SDWebImage (5.12.2):
    - SDWebImage/Core (= 5.12.2)
  - SDWebImage/Core (5.12.2)
  - StepIndicator (1.0.8)
  - SwiftyJSON (5.0.1)

DEPENDENCIES:
  - AKSideMenu
  - Alamofire (~> 4.7)
  - BetterSegmentedControl
  - iOSDropDown
  - liquid-swipe
  - RappleProgressHUD
  - SDWebImage (~> 5.0)
  - StepIndicator (~> 1.0.8)
  - SwiftyJSON

SPEC REPOS:
  trunk:
    - AKSideMenu
    - Alamofire
    - BetterSegmentedControl
    - iOSDropDown
    - liquid-swipe
    - pop
    - RappleProgressHUD
    - SDWebImage
    - StepIndicator
    - SwiftyJSON

SPEC CHECKSUMS:
  AKSideMenu: 1f2b261a82b89f980624dda4b3385544fbf178e0
  Alamofire: 85e8a02c69d6020a0d734f6054870d7ecb75cf18
  BetterSegmentedControl: 09607b27861d49cbce48b7673b74f9150a3d371a
  iOSDropDown: c10a761f9a00c3f1cc9d3bce43ae504628e2f692
  liquid-swipe: 850f88c0717fe58ba83f0f571c47a191f29ddc1f
  pop: d582054913807fd11fd50bfe6a539d91c7e1a55a
  RappleProgressHUD: f29bc5dc5f9834c2caa9c2ae21ba11f3ff2b5a85
  SDWebImage: 240e5c12b592fb1268c1d03b8c90d90e8c2ffe82
  StepIndicator: 748b293f671355b021253f82031ac002f153dc81
  SwiftyJSON: 2f33a42c6fbc52764d96f13368585094bfd8aa5e

PODFILE CHECKSUM: f1bb7711080d46bf82f37011c6261a04ed6fec7f

COCOAPODS: 1.11.2
